
Microsoft Visual Studio Solution File, Format Version 12.00
# Visual Studio Version 16
VisualStudioVersion = 16.0.31112.23
MinimumVisualStudioVersion = 10.0.40219.1
Project("{9A19103F-16F7-4668-BE54-9A1E7A4F7556}") = "Lab4", "Lab4.csproj", "{BF5ECA6C-E150-4AD7-B9D9-9F666BE2DB0A}"
EndProject
Global
	GlobalSection(SolutionConfigurationPlatforms) = preSolution
		Debug|Any CPU = Debug|Any CPU
		Release|Any CPU = Release|Any CPU
	EndGlobalSection
	GlobalSection(ProjectConfigurationPlatforms) = postSolution
		{BF5ECA6C-E150-4AD7-B9D9-9F666BE2DB0A}.Debug|Any CPU.ActiveCfg = Debug|Any CPU
		{BF5ECA6C-E150-4AD7-B9D9-9F666BE2DB0A}.Debug|Any CPU.Build.0 = Debug|Any CPU
		{BF5ECA6C-E150-4AD7-B9D9-9F666BE2DB0A}.Release|Any CPU.ActiveCfg = Release|Any CPU
		{BF5ECA6C-E150-4AD7-B9D9-9F666BE2DB0A}.Release|Any CPU.Build.0 = Release|Any CPU
	EndGlobalSection
	GlobalSection(SolutionProperties) = preSolution
		HideSolutionNode = FALSE
	EndGlobalSection
	GlobalSection(ExtensibilityGlobals) = postSolution
		SolutionGuid = {1991F540-9965-427A-AA7F-FE87186D010D}
	EndGlobalSection
EndGlobal
